
Microsoft Visual Studio Solution File, Format Version 12.00
# Visual Studio Version 16
VisualStudioVersion = 16.0.31624.102
MinimumVisualStudioVersion = 10.0.40219.1
Project("{FAE04EC0-301F-11D3-BF4B-00C04F79EFBC}") = "MoodAnalyserApplication", "MoodAnalyserApplication\MoodAnalyserApplication.csproj", "{A01FC0C8-1EBF-406E-B838-079729D4D781}"
EndProject
Project("{FAE04EC0-301F-11D3-BF4B-00C04F79EFBC}") = "MoodAnalyserApplicationMSTesting", "MoodAnalyserApplicationMSTesting\MoodAnalyserApplicationMSTesting.csproj", "{9928E363-C8A6-43E6-8EC6-AE09B5BABBCD}"
EndProject
Global
	GlobalSection(SolutionConfigurationPlatforms) = preSolution
		Debug|Any CPU = Debug|Any CPU
		Release|Any CPU = Release|Any CPU
	EndGlobalSection
	GlobalSection(ProjectConfigurationPlatforms) = postSolution
		{A01FC0C8-1EBF-406E-B838-079729D4D781}.Debug|Any CPU.ActiveCfg = Debug|Any CPU
		{A01FC0C8-1EBF-406E-B838-079729D4D781}.Debug|Any CPU.Build.0 = Debug|Any CPU
		{A01FC0C8-1EBF-406E-B838-079729D4D781}.Release|Any CPU.ActiveCfg = Release|Any CPU
		{A01FC0C8-1EBF-406E-B838-079729D4D781}.Release|Any CPU.Build.0 = Release|Any CPU
		{9928E363-C8A6-43E6-8EC6-AE09B5BABBCD}.Debug|Any CPU.ActiveCfg = Debug|Any CPU
		{9928E363-C8A6-43E6-8EC6-AE09B5BABBCD}.Debug|Any CPU.Build.0 = Debug|Any CPU
		{9928E363-C8A6-43E6-8EC6-AE09B5BABBCD}.Release|Any CPU.ActiveCfg = Release|Any CPU
		{9928E363-C8A6-43E6-8EC6-AE09B5BABBCD}.Release|Any CPU.Build.0 = Release|Any CPU
	EndGlobalSection
	GlobalSection(SolutionProperties) = preSolution
		HideSolutionNode = FALSE
	EndGlobalSection
	GlobalSection(ExtensibilityGlobals) = postSolution
		SolutionGuid = {D51CCFEF-D097-4753-9D5E-F3AC7E2278D6}
	EndGlobalSection
EndGlobal
